
Microsoft Visual Studio Solution File, Format Version 12.00
Project("{FAE04EC0-301F-11D3-BF4B-00C04F79EFBC}") = "GodotMonoDecomp", "GodotMonoDecomp\GodotMonoDecomp.csproj", "{13D29FFC-3A83-452F-8749-A8EA47686A03}"
EndProject
Project("{FAE04EC0-301F-11D3-BF4B-00C04F79EFBC}") = "GodotMonoDecompCLI", "GodotMonoDecompCLI\GodotMonoDecompCLI.csproj", "{1D65910F-3A1A-4857-A747-F72203D6E3B2}"
EndProject
Project("{FAE04EC0-301F-11D3-BF4B-00C04F79EFBC}") = "GodotMonoDecompNativeAOT", "GodotMonoDecompNativeAOT\GodotMonoDecompNativeAOT.csproj", "{2F613AB3-32B2-49E2-B7EC-A58B7C5B0756}"
EndProject
Global
	GlobalSection(SolutionConfigurationPlatforms) = preSolution
		Debug|Any CPU = Debug|Any CPU
		Release|Any CPU = Release|Any CPU
	EndGlobalSection
	GlobalSection(ProjectConfigurationPlatforms) = postSolution
		{13D29FFC-3A83-452F-8749-A8EA47686A03}.Debug|Any CPU.ActiveCfg = Debug|Any CPU
		{13D29FFC-3A83-452F-8749-A8EA47686A03}.Debug|Any CPU.Build.0 = Debug|Any CPU
		{13D29FFC-3A83-452F-8749-A8EA47686A03}.Release|Any CPU.ActiveCfg = Release|Any CPU
		{13D29FFC-3A83-452F-8749-A8EA47686A03}.Release|Any CPU.Build.0 = Release|Any CPU
		{1D65910F-3A1A-4857-A747-F72203D6E3B2}.Debug|Any CPU.ActiveCfg = Debug|Any CPU
		{1D65910F-3A1A-4857-A747-F72203D6E3B2}.Debug|Any CPU.Build.0 = Debug|Any CPU
		{1D65910F-3A1A-4857-A747-F72203D6E3B2}.Release|Any CPU.ActiveCfg = Release|Any CPU
		{1D65910F-3A1A-4857-A747-F72203D6E3B2}.Release|Any CPU.Build.0 = Release|Any CPU
		{2F613AB3-32B2-49E2-B7EC-A58B7C5B0756}.Debug|Any CPU.ActiveCfg = Debug|Any CPU
		{2F613AB3-32B2-49E2-B7EC-A58B7C5B0756}.Debug|Any CPU.Build.0 = Debug|Any CPU
		{2F613AB3-32B2-49E2-B7EC-A58B7C5B0756}.Release|Any CPU.ActiveCfg = Release|Any CPU
		{2F613AB3-32B2-49E2-B7EC-A58B7C5B0756}.Release|Any CPU.Build.0 = Release|Any CPU
	EndGlobalSection
EndGlobal
